// !$*UTF8*$!
{
	archiveVersion = 1;
	classes = {
	};
	objectVersion = 48;
	objects = {

/* Begin PBXBuildFile section */
		B85154E0203B613000AF67ED /* Time.swift in Sources */ = {isa = PBXBuildFile; fileRef = B85154DF203B613000AF67ED /* Time.swift */; };
		B897979C2038BC40006749D9 /* AppDelegate.swift in Sources */ = {isa = PBXBuildFile; fileRef = B897979B2038BC40006749D9 /* AppDelegate.swift */; };
		B897979E2038BC40006749D9 /* ViewController.swift in Sources */ = {isa = PBXBuildFile; fileRef = B897979D2038BC40006749D9 /* ViewController.swift */; };
		B89797A12038BC40006749D9 /* Main.storyboard in Resources */ = {isa = PBXBuildFile; fileRef = B897979F2038BC40006749D9 /* Main.storyboard */; };
		B89797A32038BC40006749D9 /* Assets.xcassets in Resources */ = {isa = PBXBuildFile; fileRef = B89797A22038BC40006749D9 /* Assets.xcassets */; };
		B89797A62038BC40006749D9 /* LaunchScreen.storyboard in Resources */ = {isa = PBXBuildFile; fileRef = B89797A42038BC40006749D9 /* LaunchScreen.storyboard */; };
		B89797B12038BC40006749D9 /* WeatherClockTests.swift in Sources */ = {isa = PBXBuildFile; fileRef = B89797B02038BC40006749D9 /* WeatherClockTests.swift */; };
		B89797BC2038BC40006749D9 /* WeatherClockUITests.swift in Sources */ = {isa = PBXBuildFile; fileRef = B89797BB2038BC40006749D9 /* WeatherClockUITests.swift */; };
		B89797CA2038D868006749D9 /* Weather.swift in Sources */ = {isa = PBXBuildFile; fileRef = B89797C92038D868006749D9 /* Weather.swift */; };
		B89797CC2038D8AE006749D9 /* WeatherData.swift in Sources */ = {isa = PBXBuildFile; fileRef = B89797CB2038D8AE006749D9 /* WeatherData.swift */; };
		B89797CE2038DE44006749D9 /* City.swift in Sources */ = {isa = PBXBuildFile; fileRef = B89797CD2038DE44006749D9 /* City.swift */; };
		B89797D02038E2F2006749D9 /* GUI.swift in Sources */ = {isa = PBXBuildFile; fileRef = B89797CF2038E2F2006749D9 /* GUI.swift */; };
/* End PBXBuildFile section */

/* Begin PBXContainerItemProxy section */
		B89797AD2038BC40006749D9 /* PBXContainerItemProxy */ = {
			isa = PBXContainerItemProxy;
			containerPortal = B89797902038BC40006749D9 /* Project object */;
			proxyType = 1;
			remoteGlobalIDString = B89797972038BC40006749D9;
			remoteInfo = WeatherClock;
		};
		B89797B82038BC40006749D9 /* PBXContainerItemProxy */ = {
			isa = PBXContainerItemProxy;
			containerPortal = B89797902038BC40006749D9 /* Project object */;
			proxyType = 1;
			remoteGlobalIDString = B89797972038BC40006749D9;
			remoteInfo = WeatherClock;
		};
/* End PBXContainerItemProxy section */

/* Begin PBXFileReference section */
		B85154DF203B613000AF67ED /* Time.swift */ = {isa = PBXFileReference; lastKnownFileType = sourcecode.swift; path = Time.swift; sourceTree = "<group>"; };
		B89797982038BC40006749D9 /* WeatherClock.app */ = {isa = PBXFileReference; explicitFileType = wrapper.application; includeInIndex = 0; path = WeatherClock.app; sourceTree = BUILT_PRODUCTS_DIR; };
		B897979B2038BC40006749D9 /* AppDelegate.swift */ = {isa = PBXFileReference; lastKnownFileType = sourcecode.swift; path = AppDelegate.swift; sourceTree = "<group>"; };
		B897979D2038BC40006749D9 /* ViewController.swift */ = {isa = PBXFileReference; lastKnownFileType = sourcecode.swift; path = ViewController.swift; sourceTree = "<group>"; };
		B89797A02038BC40006749D9 /* Base */ = {isa = PBXFileReference; lastKnownFileType = file.storyboard; name = Base; path = Base.lproj/Main.storyboard; sourceTree = "<group>"; };
		B89797A22038BC40006749D9 /* Assets.xcassets */ = {isa = PBXFileReference; lastKnownFileType = folder.assetcatalog; path = Assets.xcassets; sourceTree = "<group>"; };
		B89797A52038BC40006749D9 /* Base */ = {isa = PBXFileReference; lastKnownFileType = file.storyboard; name = Base; path = Base.lproj/LaunchScreen.storyboard; sourceTree = "<group>"; };
		B89797A72038BC40006749D9 /* Info.plist */ = {isa = PBXFileReference; lastKnownFileType = text.plist.xml; path = Info.plist; sourceTree = "<group>"; };
		B89797AC2038BC40006749D9 /* WeatherClockTests.xctest */ = {isa = PBXFileReference; explicitFileType = wrapper.cfbundle; includeInIndex = 0; path = WeatherClockTests.xctest; sourceTree = BUILT_PRODUCTS_DIR; };
		B89797B02038BC40006749D9 /* WeatherClockTests.swift */ = {isa = PBXFileReference; lastKnownFileType = sourcecode.swift; path = WeatherClockTests.swift; sourceTree = "<group>"; };
		B89797B22038BC40006749D9 /* Info.plist */ = {isa = PBXFileReference; lastKnownFileType = text.plist.xml; path = Info.plist; sourceTree = "<group>"; };
		B89797B72038BC40006749D9 /* WeatherClockUITests.xctest */ = {isa = PBXFileReference; explicitFileType = wrapper.cfbundle; includeInIndex = 0; path = WeatherClockUITests.xctest; sourceTree = BUILT_PRODUCTS_DIR; };
		B89797BB2038BC40006749D9 /* WeatherClockUITests.swift */ = {isa = PBXFileReference; lastKnownFileType = sourcecode.swift; path = WeatherClockUITests.swift; sourceTree = "<group>"; };
		B89797BD2038BC40006749D9 /* Info.plist */ = {isa = PBXFileReference; lastKnownFileType = text.plist.xml; path = Info.plist; sourceTree = "<group>"; };
		B89797C92038D868006749D9 /* Weather.swift */ = {isa = PBXFileReference; lastKnownFileType = sourcecode.swift; path = Weather.swift; sourceTree = "<group>"; };
		B89797CB2038D8AE006749D9 /* WeatherData.swift */ = {isa = PBXFileReference; lastKnownFileType = sourcecode.swift; path = WeatherData.swift; sourceTree = "<group>"; };
		B89797CD2038DE44006749D9 /* City.swift */ = {isa = PBXFileReference; lastKnownFileType = sourcecode.swift; path = City.swift; sourceTree = "<group>"; };
		B89797CF2038E2F2006749D9 /* GUI.swift */ = {isa = PBXFileReference; lastKnownFileType = sourcecode.swift; path = GUI.swift; sourceTree = "<group>"; };
/* End PBXFileReference section */

/* Begin PBXFrameworksBuildPhase section */
		B89797952038BC40006749D9 /* Frameworks */ = {
			isa = PBXFrameworksBuildPhase;
			buildActionMask = 2147483647;
			files = (
			);
			runOnlyForDeploymentPostprocessing = 0;
		};
		B89797A92038BC40006749D9 /* Frameworks */ = {
			isa = PBXFrameworksBuildPhase;
			buildActionMask = 2147483647;
			files = (
			);
			runOnlyForDeploymentPostprocessing = 0;
		};
		B89797B42038BC40006749D9 /* Frameworks */ = {
			isa = PBXFrameworksBuildPhase;
			buildActionMask = 2147483647;
			files = (
			);
			runOnlyForDeploymentPostprocessing = 0;
		};
/* End PBXFrameworksBuildPhase section */

/* Begin PBXGroup section */
		B897978F2038BC40006749D9 = {
			isa = PBXGroup;
			children = (
				B897979A2038BC40006749D9 /* WeatherClock */,
				B89797AF2038BC40006749D9 /* WeatherClockTests */,
				B89797BA2038BC40006749D9 /* WeatherClockUITests */,
				B89797992038BC40006749D9 /* Products */,
			);
			sourceTree = "<group>";
		};
		B89797992038BC40006749D9 /* Products */ = {
			isa = PBXGroup;
			children = (
				B89797982038BC40006749D9 /* WeatherClock.app */,
				B89797AC2038BC40006749D9 /* WeatherClockTests.xctest */,
				B89797B72038BC40006749D9 /* WeatherClockUITests.xctest */,
			);
			name = Products;
			sourceTree = "<group>";
		};
		B897979A2038BC40006749D9 /* WeatherClock */ = {
			isa = PBXGroup;
			children = (
				B897979B2038BC40006749D9 /* AppDelegate.swift */,
				B897979D2038BC40006749D9 /* ViewController.swift */,
				B85154DF203B613000AF67ED /* Time.swift */,
				B89797CF2038E2F2006749D9 /* GUI.swift */,
				B897979F2038BC40006749D9 /* Main.storyboard */,
				B89797A22038BC40006749D9 /* Assets.xcassets */,
				B89797A42038BC40006749D9 /* LaunchScreen.storyboard */,
				B89797A72038BC40006749D9 /* Info.plist */,
				B89797C92038D868006749D9 /* Weather.swift */,
				B89797CD2038DE44006749D9 /* City.swift */,
				B89797CB2038D8AE006749D9 /* WeatherData.swift */,
			);
			path = WeatherClock;
			sourceTree = "<group>";
		};
		B89797AF2038BC40006749D9 /* WeatherClockTests */ = {
			isa = PBXGroup;
			children = (
				B89797B02038BC40006749D9 /* WeatherClockTests.swift */,
				B89797B22038BC40006749D9 /* Info.plist */,
			);
			path = WeatherClockTests;
			sourceTree = "<group>";
		};
		B89797BA2038BC40006749D9 /* WeatherClockUITests */ = {
			isa = PBXGroup;
			children = (
				B89797BB2038BC40006749D9 /* WeatherClockUITests.swift */,
				B89797BD2038BC40006749D9 /* Info.plist */,
			);
			path = WeatherClockUITests;
			sourceTree = "<group>";
		};
/* End PBXGroup section */

/* Begin PBXNativeTarget section */
		B89797972038BC40006749D9 /* WeatherClock */ = {
			isa = PBXNativeTarget;
			buildConfigurationList = B89797C02038BC40006749D9 /* Build configuration list for PBXNativeTarget "WeatherClock" */;
			buildPhases = (
				B89797942038BC40006749D9 /* Sources */,
				B89797952038BC40006749D9 /* Frameworks */,
				B89797962038BC40006749D9 /* Resources */,
			);
			buildRules = (
			);
			dependencies = (
			);
			name = WeatherClock;
			productName = WeatherClock;
			productReference = B89797982038BC40006749D9 /* WeatherClock.app */;
			productType = "com.apple.product-type.application";
		};
		B89797AB2038BC40006749D9 /* WeatherClockTests */ = {
			isa = PBXNativeTarget;
			buildConfigurationList = B89797C32038BC40006749D9 /* Build configuration list for PBXNativeTarget "WeatherClockTests" */;
			buildPhases = (
				B89797A82038BC40006749D9 /* Sources */,
				B89797A92038BC40006749D9 /* Frameworks */,
				B89797AA2038BC40006749D9 /* Resources */,
			);
			buildRules = (
			);
			dependencies = (
				B89797AE2038BC40006749D9 /* PBXTargetDependency */,
			);
			name = WeatherClockTests;
			productName = WeatherClockTests;
			productReference = B89797AC2038BC40006749D9 /* WeatherClockTests.xctest */;
			productType = "com.apple.product-type.bundle.unit-test";
		};
		B89797B62038BC40006749D9 /* WeatherClockUITests */ = {
			isa = PBXNativeTarget;
			buildConfigurationList = B89797C62038BC40006749D9 /* Build configuration list for PBXNativeTarget "WeatherClockUITests" */;
			buildPhases = (
				B89797B32038BC40006749D9 /* Sources */,
				B89797B42038BC40006749D9 /* Frameworks */,
				B89797B52038BC40006749D9 /* Resources */,
			);
			buildRules = (
			);
			dependencies = (
				B89797B92038BC40006749D9 /* PBXTargetDependency */,
			);
			name = WeatherClockUITests;
			productName = WeatherClockUITests;
			productReference = B89797B72038BC40006749D9 /* WeatherClockUITests.xctest */;
			productType = "com.apple.product-type.bundle.ui-testing";
		};
/* End PBXNativeTarget section */

/* Begin PBXProject section */
		B89797902038BC40006749D9 /* Project object */ = {
			isa = PBXProject;
			attributes = {
				LastSwiftUpdateCheck = 0910;
				LastUpgradeCheck = 0910;
				ORGANIZATIONNAME = "Maloney, Grant P. (MU-Student)";
				TargetAttributes = {
					B89797972038BC40006749D9 = {
						CreatedOnToolsVersion = 9.1;
						ProvisioningStyle = Automatic;
					};
					B89797AB2038BC40006749D9 = {
						CreatedOnToolsVersion = 9.1;
						ProvisioningStyle = Automatic;
						TestTargetID = B89797972038BC40006749D9;
					};
					B89797B62038BC40006749D9 = {
						CreatedOnToolsVersion = 9.1;
						ProvisioningStyle = Automatic;
						TestTargetID = B89797972038BC40006749D9;
					};
				};
			};
			buildConfigurationList = B89797932038BC40006749D9 /* Build configuration list for PBXProject "WeatherClock" */;
			compatibilityVersion = "Xcode 8.0";
			developmentRegion = en;
			hasScannedForEncodings = 0;
			knownRegions = (
				en,
				Base,
			);
			mainGroup = B897978F2038BC40006749D9;
			productRefGroup = B89797992038BC40006749D9 /* Products */;
			projectDirPath = "";
			projectRoot = "";
			targets = (
				B89797972038BC40006749D9 /* WeatherClock */,
				B89797AB2038BC40006749D9 /* WeatherClockTests */,
				B89797B62038BC40006749D9 /* WeatherClockUITests */,
			);
		};
/* End PBXProject section */

/* Begin PBXResourcesBuildPhase section */
		B89797962038BC40006749D9 /* Resources */ = {
			isa = PBXResourcesBuildPhase;
			buildActionMask = 2147483647;
			files = (
				B89797A62038BC40006749D9 /* LaunchScreen.storyboard in Resources */,
				B89797A32038BC40006749D9 /* Assets.xcassets in Resources */,
				B89797A12038BC40006749D9 /* Main.storyboard in Resources */,
			);
			runOnlyForDeploymentPostprocessing = 0;
		};
		B89797AA2038BC40006749D9 /* Resources */ = {
			isa = PBXResourcesBuildPhase;
			buildActionMask = 2147483647;
			files = (
			);
			runOnlyForDeploymentPostprocessing = 0;
		};
		B89797B52038BC40006749D9 /* Resources */ = {
			isa = PBXResourcesBuildPhase;
			buildActionMask = 2147483647;
			files = (
			);
			runOnlyForDeploymentPostprocessing = 0;
		};
/* End PBXResourcesBuildPhase section */

/* Begin PBXSourcesBuildPhase section */
		B89797942038BC40006749D9 /* Sources */ = {
			isa = PBXSourcesBuildPhase;
			buildActionMask = 2147483647;
			files = (
				B897979E2038BC40006749D9 /* ViewController.swift in Sources */,
				B89797CE2038DE44006749D9 /* City.swift in Sources */,
				B85154E0203B613000AF67ED /* Time.swift in Sources */,
				B89797CA2038D868006749D9 /* Weather.swift in Sources */,
				B89797CC2038D8AE006749D9 /* WeatherData.swift in Sources */,
				B897979C2038BC40006749D9 /* AppDelegate.swift in Sources */,
				B89797D02038E2F2006749D9 /* GUI.swift in Sources */,
			);
			runOnlyForDeploymentPostprocessing = 0;
		};
		B89797A82038BC40006749D9 /* Sources */ = {
			isa = PBXSourcesBuildPhase;
			buildActionMask = 2147483647;
			files = (
				B89797B12038BC40006749D9 /* WeatherClockTests.swift in Sources */,
			);
			runOnlyForDeploymentPostprocessing = 0;
		};
		B89797B32038BC40006749D9 /* Sources */ = {
			isa = PBXSourcesBuildPhase;
			buildActionMask = 2147483647;
			files = (
				B89797BC2038BC40006749D9 /* WeatherClockUITests.swift in Sources */,
			);
			runOnlyForDeploymentPostprocessing = 0;
		};
/* End PBXSourcesBuildPhase section */

/* Begin PBXTargetDependency section */
		B89797AE2038BC40006749D9 /* PBXTargetDependency */ = {
			isa = PBXTargetDependency;
			target = B89797972038BC40006749D9 /* WeatherClock */;
			targetProxy = B89797AD2038BC40006749D9 /* PBXContainerItemProxy */;
		};
		B89797B92038BC40006749D9 /* PBXTargetDependency */ = {
			isa = PBXTargetDependency;
			target = B89797972038BC40006749D9 /* WeatherClock */;
			targetProxy = B89797B82038BC40006749D9 /* PBXContainerItemProxy */;
		};
/* End PBXTargetDependency section */

/* Begin PBXVariantGroup section */
		B897979F2038BC40006749D9 /* Main.storyboard */ = {
			isa = PBXVariantGroup;
			children = (
				B89797A02038BC40006749D9 /* Base */,
			);
			name = Main.storyboard;
			sourceTree = "<group>";
		};
		B89797A42038BC40006749D9 /* LaunchScreen.storyboard */ = {
			isa = PBXVariantGroup;
			children = (
				B89797A52038BC40006749D9 /* Base */,
			);
			name = LaunchScreen.storyboard;
			sourceTree = "<group>";
		};
/* End PBXVariantGroup section */

/* Begin XCBuildConfiguration section */
		B89797BE2038BC40006749D9 /* Debug */ = {
			isa = XCBuildConfiguration;
			buildSettings = {
				ALWAYS_SEARCH_USER_PATHS = NO;
				CLANG_ANALYZER_NONNULL = YES;
				CLANG_ANALYZER_NUMBER_OBJECT_CONVERSION = YES_AGGRESSIVE;
				CLANG_CXX_LANGUAGE_STANDARD = "gnu++14";
				CLANG_CXX_LIBRARY = "libc++";
				CLANG_ENABLE_MODULES = YES;
				CLANG_ENABLE_OBJC_ARC = YES;
				CLANG_WARN_BLOCK_CAPTURE_AUTORELEASING = YES;
				CLANG_WARN_BOOL_CONVERSION = YES;
				CLANG_WARN_COMMA = YES;
				CLANG_WARN_CONSTANT_CONVERSION = YES;
				CLANG_WARN_DIRECT_OBJC_ISA_USAGE = YES_ERROR;
				CLANG_WARN_DOCUMENTATION_COMMENTS = YES;
				CLANG_WARN_EMPTY_BODY = YES;
				CLANG_WARN_ENUM_CONVERSION = YES;
				CLANG_WARN_INFINITE_RECURSION = YES;
				CLANG_WARN_INT_CONVERSION = YES;
				CLANG_WARN_NON_LITERAL_NULL_CONVERSION = YES;
				CLANG_WARN_OBJC_LITERAL_CONVERSION = YES;
				CLANG_WARN_OBJC_ROOT_CLASS = YES_ERROR;
				CLANG_WARN_RANGE_LOOP_ANALYSIS = YES;
				CLANG_WARN_STRICT_PROTOTYPES = YES;
				CLANG_WARN_SUSPICIOUS_MOVE = YES;
				CLANG_WARN_UNGUARDED_AVAILABILITY = YES_AGGRESSIVE;
				CLANG_WARN_UNREACHABLE_CODE = YES;
				CLANG_WARN__DUPLICATE_METHOD_MATCH = YES;
				CODE_SIGN_IDENTITY = "iPhone Developer";
				COPY_PHASE_STRIP = NO;
				DEBUG_INFORMATION_FORMAT = dwarf;
				ENABLE_STRICT_OBJC_MSGSEND = YES;
				ENABLE_TESTABILITY = YES;
				GCC_C_LANGUAGE_STANDARD = gnu11;
				GCC_DYNAMIC_NO_PIC = NO;
				GCC_NO_COMMON_BLOCKS = YES;
				GCC_OPTIMIZATION_LEVEL = 0;
				GCC_PREPROCESSOR_DEFINITIONS = (
					"DEBUG=1",
					"$(inherited)",
				);
				GCC_WARN_64_TO_32_BIT_CONVERSION = YES;
				GCC_WARN_ABOUT_RETURN_TYPE = YES_ERROR;
				GCC_WARN_UNDECLARED_SELECTOR = YES;
				GCC_WARN_UNINITIALIZED_AUTOS = YES_AGGRESSIVE;
				GCC_WARN_UNUSED_FUNCTION = YES;
				GCC_WARN_UNUSED_VARIABLE = YES;
				IPHONEOS_DEPLOYMENT_TARGET = 11.1;
				MTL_ENABLE_DEBUG_INFO = YES;
				ONLY_ACTIVE_ARCH = YES;
				SDKROOT = iphoneos;
				SWIFT_ACTIVE_COMPILATION_CONDITIONS = DEBUG;
				SWIFT_OPTIMIZATION_LEVEL = "-Onone";
			};
			name = Debug;
		};
		B89797BF2038BC40006749D9 /* Release */ = {
			isa = XCBuildConfiguration;
			buildSettings = {
				ALWAYS_SEARCH_USER_PATHS = NO;
				CLANG_ANALYZER_NONNULL = YES;
				CLANG_ANALYZER_NUMBER_OBJECT_CONVERSION = YES_AGGRESSIVE;
				CLANG_CXX_LANGUAGE_STANDARD = "gnu++14";
				CLANG_CXX_LIBRARY = "libc++";
				CLANG_ENABLE_MODULES = YES;
				CLANG_ENABLE_OBJC_ARC = YES;
				CLANG_WARN_BLOCK_CAPTURE_AUTORELEASING = YES;
				CLANG_WARN_BOOL_CONVERSION = YES;
				CLANG_WARN_COMMA = YES;
				CLANG_WARN_CONSTANT_CONVERSION = YES;
				CLANG_WARN_DIRECT_OBJC_ISA_USAGE = YES_ERROR;
				CLANG_WARN_DOCUMENTATION_COMMENTS = YES;
				CLANG_WARN_EMPTY_BODY = YES;
				CLANG_WARN_ENUM_CONVERSION = YES;
				CLANG_WARN_INFINITE_RECURSION = YES;
				CLANG_WARN_INT_CONVERSION = YES;
				CLANG_WARN_NON_LITERAL_NULL_CONVERSION = YES;
				CLANG_WARN_OBJC_LITERAL_CONVERSION = YES;
				CLANG_WARN_OBJC_ROOT_CLASS = YES_ERROR;
				CLANG_WARN_RANGE_LOOP_ANALYSIS = YES;
				CLANG_WARN_STRICT_PROTOTYPES = YES;
				CLANG_WARN_SUSPICIOUS_MOVE = YES;
				CLANG_WARN_UNGUARDED_AVAILABILITY = YES_AGGRESSIVE;
				CLANG_WARN_UNREACHABLE_CODE = YES;
				CLANG_WARN__DUPLICATE_METHOD_MATCH = YES;
				CODE_SIGN_IDENTITY = "iPhone Developer";
				COPY_PHASE_STRIP = NO;
				DEBUG_INFORMATION_FORMAT = "dwarf-with-dsym";
				ENABLE_NS_ASSERTIONS = NO;
				ENABLE_STRICT_OBJC_MSGSEND = YES;
				GCC_C_LANGUAGE_STANDARD = gnu11;
				GCC_NO_COMMON_BLOCKS = YES;
				GCC_WARN_64_TO_32_BIT_CONVERSION = YES;
				GCC_WARN_ABOUT_RETURN_TYPE = YES_ERROR;
				GCC_WARN_UNDECLARED_SELECTOR = YES;
				GCC_WARN_UNINITIALIZED_AUTOS = YES_AGGRESSIVE;
				GCC_WARN_UNUSED_FUNCTION = YES;
				GCC_WARN_UNUSED_VARIABLE = YES;
				IPHONEOS_DEPLOYMENT_TARGET = 11.1;
				MTL_ENABLE_DEBUG_INFO = NO;
				SDKROOT = iphoneos;
				SWIFT_OPTIMIZATION_LEVEL = "-Owholemodule";
				VALIDATE_PRODUCT = YES;
			};
			name = Release;
		};
		B89797C12038BC40006749D9 /* Debug */ = {
			isa = XCBuildConfiguration;
			buildSettings = {
				ASSETCATALOG_COMPILER_APPICON_NAME = AppIcon;
				CODE_SIGN_STYLE = Automatic;
				INFOPLIST_FILE = WeatherClock/Info.plist;
				IPHONEOS_DEPLOYMENT_TARGET = 11.0;
				LD_RUNPATH_SEARCH_PATHS = "$(inherited) @executable_path/Frameworks";
				PRODUCT_BUNDLE_IDENTIFIER = gpmpn2.WeatherClock;
				PRODUCT_NAME = "$(TARGET_NAME)";
				SWIFT_VERSION = 4.0;
				TARGETED_DEVICE_FAMILY = "1,2";
			};
			name = Debug;
		};
		B89797C22038BC40006749D9 /* Release */ = {
			isa = XCBuildConfiguration;
			buildSettings = {
				ASSETCATALOG_COMPILER_APPICON_NAME = AppIcon;
				CODE_SIGN_STYLE = Automatic;
				INFOPLIST_FILE = WeatherClock/Info.plist;
				IPHONEOS_DEPLOYMENT_TARGET = 11.0;
				LD_RUNPATH_SEARCH_PATHS = "$(inherited) @executable_path/Frameworks";
				PRODUCT_BUNDLE_IDENTIFIER = gpmpn2.WeatherClock;
				PRODUCT_NAME = "$(TARGET_NAME)";
				SWIFT_VERSION = 4.0;
				TARGETED_DEVICE_FAMILY = "1,2";
			};
			name = Release;
		};
		B89797C42038BC40006749D9 /* Debug */ = {
			isa = XCBuildConfiguration;
			buildSettings = {
				ALWAYS_EMBED_SWIFT_STANDARD_LIBRARIES = YES;
				BUNDLE_LOADER = "$(TEST_HOST)";
				CODE_SIGN_STYLE = Automatic;
				INFOPLIST_FILE = WeatherClockTests/Info.plist;
				LD_RUNPATH_SEARCH_PATHS = "$(inherited) @executable_path/Frameworks @loader_path/Frameworks";
				PRODUCT_BUNDLE_IDENTIFIER = gpmpn2.WeatherClockTests;
				PRODUCT_NAME = "$(TARGET_NAME)";
				SWIFT_VERSION = 4.0;
				TARGETED_DEVICE_FAMILY = "1,2";
				TEST_HOST = "$(BUILT_PRODUCTS_DIR)/WeatherClock.app/WeatherClock";
			};
			name = Debug;
		};
		B89797C52038BC40006749D9 /* Release */ = {
			isa = XCBuildConfiguration;
			buildSettings = {
				ALWAYS_EMBED_SWIFT_STANDARD_LIBRARIES = YES;
				BUNDLE_LOADER = "$(TEST_HOST)";
				CODE_SIGN_STYLE = Automatic;
				INFOPLIST_FILE = WeatherClockTests/Info.plist;
				LD_RUNPATH_SEARCH_PATHS = "$(inherited) @executable_path/Frameworks @loader_path/Frameworks";
				PRODUCT_BUNDLE_IDENTIFIER = gpmpn2.WeatherClockTests;
				PRODUCT_NAME = "$(TARGET_NAME)";
				SWIFT_VERSION = 4.0;
				TARGETED_DEVICE_FAMILY = "1,2";
				TEST_HOST = "$(BUILT_PRODUCTS_DIR)/WeatherClock.app/WeatherClock";
			};
			name = Release;
		};
		B89797C72038BC40006749D9 /* Debug */ = {
			isa = XCBuildConfiguration;
			buildSettings = {
				ALWAYS_EMBED_SWIFT_STANDARD_LIBRARIES = YES;
				CODE_SIGN_STYLE = Automatic;
				INFOPLIST_FILE = WeatherClockUITests/Info.plist;
				LD_RUNPATH_SEARCH_PATHS = "$(inherited) @executable_path/Frameworks @loader_path/Frameworks";
				PRODUCT_BUNDLE_IDENTIFIER = gpmpn2.WeatherClockUITests;
				PRODUCT_NAME = "$(TARGET_NAME)";
				SWIFT_VERSION = 4.0;
				TARGETED_DEVICE_FAMILY = "1,2";
				TEST_TARGET_NAME = WeatherClock;
			};
			name = Debug;
		};
		B89797C82038BC40006749D9 /* Release */ = {
			isa = XCBuildConfiguration;
			buildSettings = {
				ALWAYS_EMBED_SWIFT_STANDARD_LIBRARIES = YES;
				CODE_SIGN_STYLE = Automatic;
				INFOPLIST_FILE = WeatherClockUITests/Info.plist;
				LD_RUNPATH_SEARCH_PATHS = "$(inherited) @executable_path/Frameworks @loader_path/Frameworks";
				PRODUCT_BUNDLE_IDENTIFIER = gpmpn2.WeatherClockUITests;
				PRODUCT_NAME = "$(TARGET_NAME)";
				SWIFT_VERSION = 4.0;
				TARGETED_DEVICE_FAMILY = "1,2";
				TEST_TARGET_NAME = WeatherClock;
			};
			name = Release;
		};
/* End XCBuildConfiguration section */

/* Begin XCConfigurationList section */
		B89797932038BC40006749D9 /* Build configuration list for PBXProject "WeatherClock" */ = {
			isa = XCConfigurationList;
			buildConfigurations = (
				B89797BE2038BC40006749D9 /* Debug */,
				B89797BF2038BC40006749D9 /* Release */,
			);
			defaultConfigurationIsVisible = 0;
			defaultConfigurationName = Release;
		};
		B89797C02038BC40006749D9 /* Build configuration list for PBXNativeTarget "WeatherClock" */ = {
			isa = XCConfigurationList;
			buildConfigurations = (
				B89797C12038BC40006749D9 /* Debug */,
				B89797C22038BC40006749D9 /* Release */,
			);
			defaultConfigurationIsVisible = 0;
			defaultConfigurationName = Release;
		};
		B89797C32038BC40006749D9 /* Build configuration list for PBXNativeTarget "WeatherClockTests" */ = {
			isa = XCConfigurationList;
			buildConfigurations = (
				B89797C42038BC40006749D9 /* Debug */,
				B89797C52038BC40006749D9 /* Release */,
			);
			defaultConfigurationIsVisible = 0;
			defaultConfigurationName = Release;
		};
		B89797C62038BC40006749D9 /* Build configuration list for PBXNativeTarget "WeatherClockUITests" */ = {
			isa = XCConfigurationList;
			buildConfigurations = (
				B89797C72038BC40006749D9 /* Debug */,
				B89797C82038BC40006749D9 /* Release */,
			);
			defaultConfigurationIsVisible = 0;
			defaultConfigurationName = Release;
		};
/* End XCConfigurationList section */
	};
	rootObject = B89797902038BC40006749D9 /* Project object */;
}
